{
  "name": "weatherApp",
  "lockfileVersion": 3,
  "requires": true,
  "packages": {
    "": {
      "dependencies": {
        "date-fns": "^3.6.0",
        "webpack-config": "^7.5.0"
      }
    },
    "node_modules/babel-runtime": {
      "version": "6.26.0",
      "resolved": "https://registry.npmjs.org/babel-runtime/-/babel-runtime-6.26.0.tgz",
      "integrity": "sha512-ITKNuq2wKlW1fJg9sSW52eepoYgZBggvOAHC0u/CYu/qxQ9EVzThCgR69BnSXLHjy2f7SY5zaQ4yt7H9ZVxY2g==",
      "dependencies": {
        "core-js": "^2.4.0",
        "regenerator-runtime": "^0.11.0"
      }
    },
    "node_modules/camelcase": {
      "version": "4.1.0",
      "resolved": "https://registry.npmjs.org/camelcase/-/camelcase-4.1.0.tgz",
      "integrity": "sha512-FxAv7HpHrXbh3aPo4o2qxHay2lkLY3x5Mw3KeE4KQE8ysVfziWeRZDwcjauvwBSGEC/nXUPzZy8zeh4HokqOnw==",
      "engines": {
        "node": ">=4"
      }
    },
    "node_modules/clone": {
      "version": "1.0.4",
      "resolved": "https://registry.npmjs.org/clone/-/clone-1.0.4.tgz",
      "integrity": "sha512-JQHZ2QMW6l3aH/j6xCqQThY/9OH4D/9ls34cgkUBiEeocRTU04tHfKPBsUK1PqZCUQM7GiA0IIXJSuXHI64Kbg==",
      "engines": {
        "node": ">=0.8"
      }
    },
    "node_modules/constitute": {
      "version": "1.6.2",
      "resolved": "https://registry.npmjs.org/constitute/-/constitute-1.6.2.tgz",
      "integrity": "sha512-GGywPekZ8/scffO0njalmIe0EMf5zi/0/10Hy++xCuz6XtbJvV54s3v04DcpxpfciB7E9bB9pVi4+mgUJ5d5qA==",
      "dependencies": {
        "clone": "^1.0.2"
      }
    },
    "node_modules/core-js": {
      "version": "2.6.12",
      "resolved": "https://registry.npmjs.org/core-js/-/core-js-2.6.12.tgz",
      "integrity": "sha512-Kb2wC0fvsWfQrgk8HU5lW6U/Lcs8+9aaYcy4ZFc6DDlo4nZ7n70dEgE5rtR0oG6ufKDUnrwfWL1mXR5ljDatrQ==",
      "deprecated": "core-js@<3.23.3 is no longer maintained and not recommended for usage due to the number of issues. Because of the V8 engine whims, feature detection in old core-js versions could cause a slowdown up to 100x even if nothing is polyfilled. Some versions have web compatibility issues. Please, upgrade your dependencies to the actual version of core-js.",
      "hasInstallScript": true
    },
    "node_modules/date-fns": {
      "version": "3.6.0",
      "resolved": "https://registry.npmjs.org/date-fns/-/date-fns-3.6.0.tgz",
      "integrity": "sha512-fRHTG8g/Gif+kSh50gaGEdToemgfj74aRX3swtiouboip5JDLAyDE9F11nHMIcvOaXeOC6D7SpNhi7uFyB7Uww==",
      "funding": {
        "type": "github",
        "url": "https://github.com/sponsors/kossnocorp"
      }
    },
    "node_modules/lodash": {
      "version": "4.17.21",
      "resolved": "https://registry.npmjs.org/lodash/-/lodash-4.17.21.tgz",
      "integrity": "sha512-v2kDEe57lecTulaDIuNTPy3Ry4gLGJ6Z1O3vE1krgXZNrsQ+LFTGHVxVjcXPs17LhbZVGedAJv8XZ1tvj5FvSg=="
    },
    "node_modules/recursive-iterator": {
      "version": "3.3.0",
      "resolved": "https://registry.npmjs.org/recursive-iterator/-/recursive-iterator-3.3.0.tgz",
      "integrity": "sha512-uc2aWu5ejeqFe4EqOD7eGqY2hn324FS9dEqRl6uOjG002X0SEilk6apBWckqjsL7NDEBjNKaqDOg+ejg30iDTA==",
      "engines": {
        "node": ">=6"
      }
    },
    "node_modules/regenerator-runtime": {
      "version": "0.11.1",
      "resolved": "https://registry.npmjs.org/regenerator-runtime/-/regenerator-runtime-0.11.1.tgz",
      "integrity": "sha512-MguG95oij0fC3QV3URf4V2SDYGJhJnJGqvIIgdECeODCT98wSWDAJ94SSuVpYQUoTcGUIL6L4yNB7j1DFFHSBg=="
    },
    "node_modules/webpack-config": {
      "version": "7.5.0",
      "resolved": "https://registry.npmjs.org/webpack-config/-/webpack-config-7.5.0.tgz",
      "integrity": "sha512-eKGWI5CV9DaZxJbZ5y3PmQehFnIW9Nz2Qm3iJ5kTRC3St9ZVlZLriwu0Kd/I+lVKAXna/HboR57s5l4qAV9lJQ==",
      "dependencies": {
        "babel-runtime": "^6.25.0",
        "constitute": "^1.6.2",
        "lodash": "^4.17.4",
        "recursive-iterator": "^3.3.0",
        "yargs-parser": "^8.0.0"
      },
      "engines": {
        "node": ">=6.0.0"
      }
    },
    "node_modules/yargs-parser": {
      "version": "8.1.0",
      "resolved": "https://registry.npmjs.org/yargs-parser/-/yargs-parser-8.1.0.tgz",
      "integrity": "sha512-yP+6QqN8BmrgW2ggLtTbdrOyBNSI7zBa4IykmiV5R1wl1JWNxQvWhMfMdmzIYtKU7oP3OOInY/tl2ov3BDjnJQ==",
      "dependencies": {
        "camelcase": "^4.1.0"
      }
    }
  }
}
